
Microsoft Visual Studio Solution File, Format Version 12.00
# Visual Studio 2015
Project("{FAE04EC0-301F-11D3-BF4B-00C04F79EFBC}") = "jamtasticvol2.CSharp", "jamtasticvol2.CSharp.csproj", "{0D54CB48-0CC1-3421-1C0F-FBAF80A04D7C}"
EndProject
Global
	GlobalSection(SolutionConfigurationPlatforms) = preSolution
		Debug|Any CPU = Debug|Any CPU
		Release|Any CPU = Release|Any CPU
	EndGlobalSection
	GlobalSection(ProjectConfigurationPlatforms) = postSolution
		{0D54CB48-0CC1-3421-1C0F-FBAF80A04D7C}.Debug|Any CPU.ActiveCfg = Debug|Any CPU
		{0D54CB48-0CC1-3421-1C0F-FBAF80A04D7C}.Debug|Any CPU.Build.0 = Debug|Any CPU
		{0D54CB48-0CC1-3421-1C0F-FBAF80A04D7C}.Release|Any CPU.ActiveCfg = Release|Any CPU
		{0D54CB48-0CC1-3421-1C0F-FBAF80A04D7C}.Release|Any CPU.Build.0 = Release|Any CPU
	EndGlobalSection
	GlobalSection(SolutionProperties) = preSolution
		HideSolutionNode = FALSE
	EndGlobalSection
EndGlobal
